// !$*UTF8*$!
{
	archiveVersion = 1;
	classes = {
	};
	objectVersion = 46;
	objects = {

/* Begin PBXBuildFile section */
		4BE5B1B01D0BC7E300065CE4 /* DyLib1.h in Headers */ = {isa = PBXBuildFile; fileRef = 4BE5B1AF1D0BC7E300065CE4 /* DyLib1.h */; };
		4BE5B1B21D0BC7E300065CE4 /* DyLib1.m in Sources */ = {isa = PBXBuildFile; fileRef = 4BE5B1B11D0BC7E300065CE4 /* DyLib1.m */; };
		4BE5B1DF1D0BC89000065CE4 /* dylib1entry.mm in Sources */ = {isa = PBXBuildFile; fileRef = 4BE5B1DD1D0BC89000065CE4 /* dylib1entry.mm */; };
		4BE5B1E01D0BC89000065CE4 /* dylib1entry.h in Headers */ = {isa = PBXBuildFile; fileRef = 4BE5B1DE1D0BC89000065CE4 /* dylib1entry.h */; };
		4BE5B2031D0BCC7D00065CE4 /* libSPStaticLib.a in Frameworks */ = {isa = PBXBuildFile; fileRef = 4BE5B2021D0BCC7D00065CE4 /* libSPStaticLib.a */; };
/* End PBXBuildFile section */

/* Begin PBXFileReference section */
		4BE5B1AC1D0BC7E300065CE4 /* libDyLib1.dylib */ = {isa = PBXFileReference; explicitFileType = "compiled.mach-o.dylib"; includeInIndex = 0; path = libDyLib1.dylib; sourceTree = BUILT_PRODUCTS_DIR; };
		4BE5B1AF1D0BC7E300065CE4 /* DyLib1.h */ = {isa = PBXFileReference; lastKnownFileType = sourcecode.c.h; path = DyLib1.h; sourceTree = "<group>"; };
		4BE5B1B11D0BC7E300065CE4 /* DyLib1.m */ = {isa = PBXFileReference; lastKnownFileType = sourcecode.c.objc; path = DyLib1.m; sourceTree = "<group>"; };
		4BE5B1DD1D0BC89000065CE4 /* dylib1entry.mm */ = {isa = PBXFileReference; fileEncoding = 4; lastKnownFileType = sourcecode.cpp.objcpp; path = dylib1entry.mm; sourceTree = "<group>"; };
		4BE5B1DE1D0BC89000065CE4 /* dylib1entry.h */ = {isa = PBXFileReference; fileEncoding = 4; lastKnownFileType = sourcecode.c.h; path = dylib1entry.h; sourceTree = "<group>"; };
		4BE5B2021D0BCC7D00065CE4 /* libSPStaticLib.a */ = {isa = PBXFileReference; lastKnownFileType = archive.ar; name = libSPStaticLib.a; path = ../SPStaticLib/build/Debug/libSPStaticLib.a; sourceTree = "<group>"; };
/* End PBXFileReference section */

/* Begin PBXFrameworksBuildPhase section */
		4BE5B1A91D0BC7E300065CE4 /* Frameworks */ = {
			isa = PBXFrameworksBuildPhase;
			buildActionMask = 2147483647;
			files = (
				4BE5B2031D0BCC7D00065CE4 /* libSPStaticLib.a in Frameworks */,
			);
			runOnlyForDeploymentPostprocessing = 0;
		};
/* End PBXFrameworksBuildPhase section */

/* Begin PBXGroup section */
		4BE5B1A31D0BC7E300065CE4 = {
			isa = PBXGroup;
			children = (
				4BE5B2021D0BCC7D00065CE4 /* libSPStaticLib.a */,
				4BE5B1AE1D0BC7E300065CE4 /* DyLib1 */,
				4BE5B1AD1D0BC7E300065CE4 /* Products */,
			);
			sourceTree = "<group>";
		};
		4BE5B1AD1D0BC7E300065CE4 /* Products */ = {
			isa = PBXGroup;
			children = (
				4BE5B1AC1D0BC7E300065CE4 /* libDyLib1.dylib */,
			);
			name = Products;
			sourceTree = "<group>";
		};
		4BE5B1AE1D0BC7E300065CE4 /* DyLib1 */ = {
			isa = PBXGroup;
			children = (
				4BE5B1AF1D0BC7E300065CE4 /* DyLib1.h */,
				4BE5B1B11D0BC7E300065CE4 /* DyLib1.m */,
				4BE5B1DD1D0BC89000065CE4 /* dylib1entry.mm */,
				4BE5B1DE1D0BC89000065CE4 /* dylib1entry.h */,
			);
			path = DyLib1;
			sourceTree = "<group>";
		};
/* End PBXGroup section */

/* Begin PBXHeadersBuildPhase section */
		4BE5B1AA1D0BC7E300065CE4 /* Headers */ = {
			isa = PBXHeadersBuildPhase;
			buildActionMask = 2147483647;
			files = (
				4BE5B1E01D0BC89000065CE4 /* dylib1entry.h in Headers */,
				4BE5B1B01D0BC7E300065CE4 /* DyLib1.h in Headers */,
			);
			runOnlyForDeploymentPostprocessing = 0;
		};
/* End PBXHeadersBuildPhase section */

/* Begin PBXNativeTarget section */
		4BE5B1AB1D0BC7E300065CE4 /* DyLib1 */ = {
			isa = PBXNativeTarget;
			buildConfigurationList = 4BE5B1B51D0BC7E300065CE4 /* Build configuration list for PBXNativeTarget "DyLib1" */;
			buildPhases = (
				4BE5B1A81D0BC7E300065CE4 /* Sources */,
				4BE5B1A91D0BC7E300065CE4 /* Frameworks */,
				4BE5B1AA1D0BC7E300065CE4 /* Headers */,
			);
			buildRules = (
			);
			dependencies = (
			);
			name = DyLib1;
			productName = DyLib1;
			productReference = 4BE5B1AC1D0BC7E300065CE4 /* libDyLib1.dylib */;
			productType = "com.apple.product-type.library.dynamic";
		};
/* End PBXNativeTarget section */

/* Begin PBXProject section */
		4BE5B1A41D0BC7E300065CE4 /* Project object */ = {
			isa = PBXProject;
			attributes = {
				LastUpgradeCheck = 0720;
				ORGANIZATIONNAME = systemp;
				TargetAttributes = {
					4BE5B1AB1D0BC7E300065CE4 = {
						CreatedOnToolsVersion = 7.2;
					};
				};
			};
			buildConfigurationList = 4BE5B1A71D0BC7E300065CE4 /* Build configuration list for PBXProject "DyLib1" */;
			compatibilityVersion = "Xcode 3.2";
			developmentRegion = English;
			hasScannedForEncodings = 0;
			knownRegions = (
				en,
			);
			mainGroup = 4BE5B1A31D0BC7E300065CE4;
			productRefGroup = 4BE5B1AD1D0BC7E300065CE4 /* Products */;
			projectDirPath = "";
			projectRoot = "";
			targets = (
				4BE5B1AB1D0BC7E300065CE4 /* DyLib1 */,
			);
		};
/* End PBXProject section */

/* Begin PBXSourcesBuildPhase section */
		4BE5B1A81D0BC7E300065CE4 /* Sources */ = {
			isa = PBXSourcesBuildPhase;
			buildActionMask = 2147483647;
			files = (
				4BE5B1B21D0BC7E300065CE4 /* DyLib1.m in Sources */,
				4BE5B1DF1D0BC89000065CE4 /* dylib1entry.mm in Sources */,
			);
			runOnlyForDeploymentPostprocessing = 0;
		};
/* End PBXSourcesBuildPhase section */

/* Begin XCBuildConfiguration section */
		4BE5B1B31D0BC7E300065CE4 /* Debug */ = {
			isa = XCBuildConfiguration;
			buildSettings = {
				ALWAYS_SEARCH_USER_PATHS = NO;
				CLANG_CXX_LANGUAGE_STANDARD = "gnu++0x";
				CLANG_CXX_LIBRARY = "libc++";
				CLANG_ENABLE_MODULES = YES;
				CLANG_ENABLE_OBJC_ARC = YES;
				CLANG_WARN_BOOL_CONVERSION = YES;
				CLANG_WARN_CONSTANT_CONVERSION = YES;
				CLANG_WARN_DIRECT_OBJC_ISA_USAGE = YES_ERROR;
				CLANG_WARN_EMPTY_BODY = YES;
				CLANG_WARN_ENUM_CONVERSION = YES;
				CLANG_WARN_INT_CONVERSION = YES;
				CLANG_WARN_OBJC_ROOT_CLASS = YES_ERROR;
				CLANG_WARN_UNREACHABLE_CODE = YES;
				CLANG_WARN__DUPLICATE_METHOD_MATCH = YES;
				CODE_SIGN_IDENTITY = "-";
				COPY_PHASE_STRIP = NO;
				DEBUG_INFORMATION_FORMAT = dwarf;
				ENABLE_STRICT_OBJC_MSGSEND = YES;
				ENABLE_TESTABILITY = YES;
				GCC_C_LANGUAGE_STANDARD = gnu99;
				GCC_DYNAMIC_NO_PIC = NO;
				GCC_NO_COMMON_BLOCKS = YES;
				GCC_OPTIMIZATION_LEVEL = 0;
				GCC_PREPROCESSOR_DEFINITIONS = (
					"DEBUG=1",
					"$(inherited)",
				);
				GCC_WARN_64_TO_32_BIT_CONVERSION = YES;
				GCC_WARN_ABOUT_RETURN_TYPE = YES_ERROR;
				GCC_WARN_UNDECLARED_SELECTOR = YES;
				GCC_WARN_UNINITIALIZED_AUTOS = YES_AGGRESSIVE;
				GCC_WARN_UNUSED_FUNCTION = YES;
				GCC_WARN_UNUSED_VARIABLE = YES;
				HEADER_SEARCH_PATHS = "\"$(SRCROOT)/../SPStaticLib/SPStaticLib\"";
				MACOSX_DEPLOYMENT_TARGET = 10.11;
				MTL_ENABLE_DEBUG_INFO = YES;
				ONLY_ACTIVE_ARCH = YES;
				SDKROOT = macosx;
			};
			name = Debug;
		};
		4BE5B1B41D0BC7E300065CE4 /* Release */ = {
			isa = XCBuildConfiguration;
			buildSettings = {
				ALWAYS_SEARCH_USER_PATHS = NO;
				CLANG_CXX_LANGUAGE_STANDARD = "gnu++0x";
				CLANG_CXX_LIBRARY = "libc++";
				CLANG_ENABLE_MODULES = YES;
				CLANG_ENABLE_OBJC_ARC = YES;
				CLANG_WARN_BOOL_CONVERSION = YES;
				CLANG_WARN_CONSTANT_CONVERSION = YES;
				CLANG_WARN_DIRECT_OBJC_ISA_USAGE = YES_ERROR;
				CLANG_WARN_EMPTY_BODY = YES;
				CLANG_WARN_ENUM_CONVERSION = YES;
				CLANG_WARN_INT_CONVERSION = YES;
				CLANG_WARN_OBJC_ROOT_CLASS = YES_ERROR;
				CLANG_WARN_UNREACHABLE_CODE = YES;
				CLANG_WARN__DUPLICATE_METHOD_MATCH = YES;
				CODE_SIGN_IDENTITY = "-";
				COPY_PHASE_STRIP = NO;
				DEBUG_INFORMATION_FORMAT = "dwarf-with-dsym";
				ENABLE_NS_ASSERTIONS = NO;
				ENABLE_STRICT_OBJC_MSGSEND = YES;
				GCC_C_LANGUAGE_STANDARD = gnu99;
				GCC_NO_COMMON_BLOCKS = YES;
				GCC_WARN_64_TO_32_BIT_CONVERSION = YES;
				GCC_WARN_ABOUT_RETURN_TYPE = YES_ERROR;
				GCC_WARN_UNDECLARED_SELECTOR = YES;
				GCC_WARN_UNINITIALIZED_AUTOS = YES_AGGRESSIVE;
				GCC_WARN_UNUSED_FUNCTION = YES;
				GCC_WARN_UNUSED_VARIABLE = YES;
				HEADER_SEARCH_PATHS = "\"$(SRCROOT)/../SPStaticLib/SPStaticLib\"";
				MACOSX_DEPLOYMENT_TARGET = 10.11;
				MTL_ENABLE_DEBUG_INFO = NO;
				SDKROOT = macosx;
			};
			name = Release;
		};
		4BE5B1B61D0BC7E300065CE4 /* Debug */ = {
			isa = XCBuildConfiguration;
			buildSettings = {
				DYLIB_COMPATIBILITY_VERSION = 1;
				DYLIB_CURRENT_VERSION = 1;
				EXECUTABLE_PREFIX = lib;
				PRODUCT_NAME = "$(TARGET_NAME)";
			};
			name = Debug;
		};
		4BE5B1B71D0BC7E300065CE4 /* Release */ = {
			isa = XCBuildConfiguration;
			buildSettings = {
				DYLIB_COMPATIBILITY_VERSION = 1;
				DYLIB_CURRENT_VERSION = 1;
				EXECUTABLE_PREFIX = lib;
				PRODUCT_NAME = "$(TARGET_NAME)";
			};
			name = Release;
		};
/* End XCBuildConfiguration section */

/* Begin XCConfigurationList section */
		4BE5B1A71D0BC7E300065CE4 /* Build configuration list for PBXProject "DyLib1" */ = {
			isa = XCConfigurationList;
			buildConfigurations = (
				4BE5B1B31D0BC7E300065CE4 /* Debug */,
				4BE5B1B41D0BC7E300065CE4 /* Release */,
			);
			defaultConfigurationIsVisible = 0;
			defaultConfigurationName = Release;
		};
		4BE5B1B51D0BC7E300065CE4 /* Build configuration list for PBXNativeTarget "DyLib1" */ = {
			isa = XCConfigurationList;
			buildConfigurations = (
				4BE5B1B61D0BC7E300065CE4 /* Debug */,
				4BE5B1B71D0BC7E300065CE4 /* Release */,
			);
			defaultConfigurationIsVisible = 0;
			defaultConfigurationName = Release;
		};
/* End XCConfigurationList section */
	};
	rootObject = 4BE5B1A41D0BC7E300065CE4 /* Project object */;
}
